// !$*UTF8*$!
{
	archiveVersion = 1;
	classes = {
	};
	objectVersion = 46;
	objects = {

/* Begin PBXBuildFile section */
		213822041D94723700C1FEEB /* JSON.framework in Frameworks */ = {isa = PBXBuildFile; fileRef = 213821FA1D94723700C1FEEB /* JSON.framework */; };
		2138221C1D94725B00C1FEEB /* JSON.swift in Sources */ = {isa = PBXBuildFile; fileRef = 213822151D94725B00C1FEEB /* JSON.swift */; };
		2138221E1D94725B00C1FEEB /* JSON.h in Headers */ = {isa = PBXBuildFile; fileRef = 213822181D94725B00C1FEEB /* JSON.h */; settings = {ATTRIBUTES = (Public, ); }; };
		213822541D947EC600C1FEEB /* JSON.framework in Frameworks */ = {isa = PBXBuildFile; fileRef = 2138224B1D947EC600C1FEEB /* JSON.framework */; };
		213822701D947EDC00C1FEEB /* JSON.framework in Frameworks */ = {isa = PBXBuildFile; fileRef = 213822671D947EDC00C1FEEB /* JSON.framework */; };
		213822801D947F6A00C1FEEB /* JSON.swift in Sources */ = {isa = PBXBuildFile; fileRef = 213822151D94725B00C1FEEB /* JSON.swift */; };
		213822811D947F6B00C1FEEB /* JSON.swift in Sources */ = {isa = PBXBuildFile; fileRef = 213822151D94725B00C1FEEB /* JSON.swift */; };
		213822821D947F6B00C1FEEB /* JSON.swift in Sources */ = {isa = PBXBuildFile; fileRef = 213822151D94725B00C1FEEB /* JSON.swift */; };
		213822831D947F6F00C1FEEB /* JSON.h in Headers */ = {isa = PBXBuildFile; fileRef = 213822181D94725B00C1FEEB /* JSON.h */; settings = {ATTRIBUTES = (Public, ); }; };
		213822841D947F7000C1FEEB /* JSON.h in Headers */ = {isa = PBXBuildFile; fileRef = 213822181D94725B00C1FEEB /* JSON.h */; settings = {ATTRIBUTES = (Public, ); }; };
		213822851D947F7000C1FEEB /* JSON.h in Headers */ = {isa = PBXBuildFile; fileRef = 213822181D94725B00C1FEEB /* JSON.h */; settings = {ATTRIBUTES = (Public, ); }; };
		215DB4CA1DC3752400034124 /* Blog.swift in Sources */ = {isa = PBXBuildFile; fileRef = 215DB4BE1DC374B200034124 /* Blog.swift */; };
		215DB4CB1DC3752400034124 /* DateTests.swift in Sources */ = {isa = PBXBuildFile; fileRef = 215DB4BF1DC374B200034124 /* DateTests.swift */; };
		215DB4CC1DC3752400034124 /* DeserializationTests.swift in Sources */ = {isa = PBXBuildFile; fileRef = 215DB4C01DC374B200034124 /* DeserializationTests.swift */; };
		215DB4CD1DC3752400034124 /* Post.swift in Sources */ = {isa = PBXBuildFile; fileRef = 215DB4C11DC374B200034124 /* Post.swift */; };
		215DB4CE1DC3752400034124 /* URLTests.swift in Sources */ = {isa = PBXBuildFile; fileRef = 215DB4C21DC374B200034124 /* URLTests.swift */; };
		215DB4CF1DC3752400034124 /* User.swift in Sources */ = {isa = PBXBuildFile; fileRef = 215DB4C31DC374B200034124 /* User.swift */; };
		215DB4D01DC3752500034124 /* Blog.swift in Sources */ = {isa = PBXBuildFile; fileRef = 215DB4BE1DC374B200034124 /* Blog.swift */; };
		215DB4D11DC3752500034124 /* DateTests.swift in Sources */ = {isa = PBXBuildFile; fileRef = 215DB4BF1DC374B200034124 /* DateTests.swift */; };
		215DB4D21DC3752500034124 /* DeserializationTests.swift in Sources */ = {isa = PBXBuildFile; fileRef = 215DB4C01DC374B200034124 /* DeserializationTests.swift */; };
		215DB4D31DC3752500034124 /* Post.swift in Sources */ = {isa = PBXBuildFile; fileRef = 215DB4C11DC374B200034124 /* Post.swift */; };
		215DB4D41DC3752500034124 /* URLTests.swift in Sources */ = {isa = PBXBuildFile; fileRef = 215DB4C21DC374B200034124 /* URLTests.swift */; };
		215DB4D51DC3752500034124 /* User.swift in Sources */ = {isa = PBXBuildFile; fileRef = 215DB4C31DC374B200034124 /* User.swift */; };
		215DB4D61DC3752600034124 /* Blog.swift in Sources */ = {isa = PBXBuildFile; fileRef = 215DB4BE1DC374B200034124 /* Blog.swift */; };
		215DB4D71DC3752600034124 /* DateTests.swift in Sources */ = {isa = PBXBuildFile; fileRef = 215DB4BF1DC374B200034124 /* DateTests.swift */; };
		215DB4D81DC3752600034124 /* DeserializationTests.swift in Sources */ = {isa = PBXBuildFile; fileRef = 215DB4C01DC374B200034124 /* DeserializationTests.swift */; };
		215DB4D91DC3752600034124 /* Post.swift in Sources */ = {isa = PBXBuildFile; fileRef = 215DB4C11DC374B200034124 /* Post.swift */; };
		215DB4DA1DC3752600034124 /* URLTests.swift in Sources */ = {isa = PBXBuildFile; fileRef = 215DB4C21DC374B200034124 /* URLTests.swift */; };
		215DB4DB1DC3752600034124 /* User.swift in Sources */ = {isa = PBXBuildFile; fileRef = 215DB4C31DC374B200034124 /* User.swift */; };
		216111CB1E676D1B00C3F9E9 /* Decoding+Date.swift in Sources */ = {isa = PBXBuildFile; fileRef = 216111CA1E676D1B00C3F9E9 /* Decoding+Date.swift */; };
		216111CC1E676D2700C3F9E9 /* Decoding+Date.swift in Sources */ = {isa = PBXBuildFile; fileRef = 216111CA1E676D1B00C3F9E9 /* Decoding+Date.swift */; };
		216111CD1E676D2700C3F9E9 /* Decoding+Date.swift in Sources */ = {isa = PBXBuildFile; fileRef = 216111CA1E676D1B00C3F9E9 /* Decoding+Date.swift */; };
		216111CE1E676D2800C3F9E9 /* Decoding+Date.swift in Sources */ = {isa = PBXBuildFile; fileRef = 216111CA1E676D1B00C3F9E9 /* Decoding+Date.swift */; };
		216111D01E676D4F00C3F9E9 /* Decoding+URL.swift in Sources */ = {isa = PBXBuildFile; fileRef = 216111CF1E676D4F00C3F9E9 /* Decoding+URL.swift */; };
		216111D11E676D8B00C3F9E9 /* Decoding+URL.swift in Sources */ = {isa = PBXBuildFile; fileRef = 216111CF1E676D4F00C3F9E9 /* Decoding+URL.swift */; };
		216111D21E676D8C00C3F9E9 /* Decoding+URL.swift in Sources */ = {isa = PBXBuildFile; fileRef = 216111CF1E676D4F00C3F9E9 /* Decoding+URL.swift */; };
		216111D31E676D8C00C3F9E9 /* Decoding+URL.swift in Sources */ = {isa = PBXBuildFile; fileRef = 216111CF1E676D4F00C3F9E9 /* Decoding+URL.swift */; };
		216111D51E676DAA00C3F9E9 /* Decoding.swift in Sources */ = {isa = PBXBuildFile; fileRef = 216111D41E676DAA00C3F9E9 /* Decoding.swift */; };
		216111D61E676DC100C3F9E9 /* Decoding.swift in Sources */ = {isa = PBXBuildFile; fileRef = 216111D41E676DAA00C3F9E9 /* Decoding.swift */; };
		216111D71E676DC100C3F9E9 /* Decoding.swift in Sources */ = {isa = PBXBuildFile; fileRef = 216111D41E676DAA00C3F9E9 /* Decoding.swift */; };
		216111D81E676DC200C3F9E9 /* Decoding.swift in Sources */ = {isa = PBXBuildFile; fileRef = 216111D41E676DAA00C3F9E9 /* Decoding.swift */; };
/* End PBXBuildFile section */

/* Begin PBXContainerItemProxy section */
		213822051D94723700C1FEEB /* PBXContainerItemProxy */ = {
			isa = PBXContainerItemProxy;
			containerPortal = 213821F11D94723700C1FEEB /* Project object */;
			proxyType = 1;
			remoteGlobalIDString = 213821F91D94723700C1FEEB;
			remoteInfo = JSON;
		};
		213822551D947EC600C1FEEB /* PBXContainerItemProxy */ = {
			isa = PBXContainerItemProxy;
			containerPortal = 213821F11D94723700C1FEEB /* Project object */;
			proxyType = 1;
			remoteGlobalIDString = 2138224A1D947EC600C1FEEB;
			remoteInfo = JSON;
		};
		213822711D947EDC00C1FEEB /* PBXContainerItemProxy */ = {
			isa = PBXContainerItemProxy;
			containerPortal = 213821F11D94723700C1FEEB /* Project object */;
			proxyType = 1;
			remoteGlobalIDString = 213822661D947EDC00C1FEEB;
			remoteInfo = JSON;
		};
/* End PBXContainerItemProxy section */

/* Begin PBXFileReference section */
		213821FA1D94723700C1FEEB /* JSON.framework */ = {isa = PBXFileReference; explicitFileType = wrapper.framework; includeInIndex = 0; path = JSON.framework; sourceTree = BUILT_PRODUCTS_DIR; };
		213822031D94723700C1FEEB /* JSONTests.xctest */ = {isa = PBXFileReference; explicitFileType = wrapper.cfbundle; includeInIndex = 0; path = JSONTests.xctest; sourceTree = BUILT_PRODUCTS_DIR; };
		213822151D94725B00C1FEEB /* JSON.swift */ = {isa = PBXFileReference; fileEncoding = 4; lastKnownFileType = sourcecode.swift; path = JSON.swift; sourceTree = "<group>"; };
		213822171D94725B00C1FEEB /* Info.plist */ = {isa = PBXFileReference; fileEncoding = 4; lastKnownFileType = text.plist.xml; path = Info.plist; sourceTree = "<group>"; };
		213822181D94725B00C1FEEB /* JSON.h */ = {isa = PBXFileReference; fileEncoding = 4; lastKnownFileType = sourcecode.c.h; path = JSON.h; sourceTree = "<group>"; };
		213822191D94725B00C1FEEB /* Tests-Info.plist */ = {isa = PBXFileReference; fileEncoding = 4; lastKnownFileType = text.plist.xml; path = "Tests-Info.plist"; sourceTree = "<group>"; };
		2138223E1D947EB800C1FEEB /* JSON.framework */ = {isa = PBXFileReference; explicitFileType = wrapper.framework; includeInIndex = 0; path = JSON.framework; sourceTree = BUILT_PRODUCTS_DIR; };
		2138224B1D947EC600C1FEEB /* JSON.framework */ = {isa = PBXFileReference; explicitFileType = wrapper.framework; includeInIndex = 0; path = JSON.framework; sourceTree = BUILT_PRODUCTS_DIR; };
		213822531D947EC600C1FEEB /* JSONTests.xctest */ = {isa = PBXFileReference; explicitFileType = wrapper.cfbundle; includeInIndex = 0; path = JSONTests.xctest; sourceTree = BUILT_PRODUCTS_DIR; };
		213822671D947EDC00C1FEEB /* JSON.framework */ = {isa = PBXFileReference; explicitFileType = wrapper.framework; includeInIndex = 0; path = JSON.framework; sourceTree = BUILT_PRODUCTS_DIR; };
		2138226F1D947EDC00C1FEEB /* JSONTests.xctest */ = {isa = PBXFileReference; explicitFileType = wrapper.cfbundle; includeInIndex = 0; path = JSONTests.xctest; sourceTree = BUILT_PRODUCTS_DIR; };
		215DB4BE1DC374B200034124 /* Blog.swift */ = {isa = PBXFileReference; fileEncoding = 4; lastKnownFileType = sourcecode.swift; name = Blog.swift; path = JSONTests/Blog.swift; sourceTree = "<group>"; };
		215DB4BF1DC374B200034124 /* DateTests.swift */ = {isa = PBXFileReference; fileEncoding = 4; lastKnownFileType = sourcecode.swift; name = DateTests.swift; path = JSONTests/DateTests.swift; sourceTree = "<group>"; };
		215DB4C01DC374B200034124 /* DeserializationTests.swift */ = {isa = PBXFileReference; fileEncoding = 4; lastKnownFileType = sourcecode.swift; name = DeserializationTests.swift; path = JSONTests/DeserializationTests.swift; sourceTree = "<group>"; };
		215DB4C11DC374B200034124 /* Post.swift */ = {isa = PBXFileReference; fileEncoding = 4; lastKnownFileType = sourcecode.swift; name = Post.swift; path = JSONTests/Post.swift; sourceTree = "<group>"; };
		215DB4C21DC374B200034124 /* URLTests.swift */ = {isa = PBXFileReference; fileEncoding = 4; lastKnownFileType = sourcecode.swift; name = URLTests.swift; path = JSONTests/URLTests.swift; sourceTree = "<group>"; };
		215DB4C31DC374B200034124 /* User.swift */ = {isa = PBXFileReference; fileEncoding = 4; lastKnownFileType = sourcecode.swift; name = User.swift; path = JSONTests/User.swift; sourceTree = "<group>"; };
		216111CA1E676D1B00C3F9E9 /* Decoding+Date.swift */ = {isa = PBXFileReference; fileEncoding = 4; lastKnownFileType = sourcecode.swift; path = "Decoding+Date.swift"; sourceTree = "<group>"; };
		216111CF1E676D4F00C3F9E9 /* Decoding+URL.swift */ = {isa = PBXFileReference; fileEncoding = 4; lastKnownFileType = sourcecode.swift; path = "Decoding+URL.swift"; sourceTree = "<group>"; };
		216111D41E676DAA00C3F9E9 /* Decoding.swift */ = {isa = PBXFileReference; fileEncoding = 4; lastKnownFileType = sourcecode.swift; path = Decoding.swift; sourceTree = "<group>"; };
/* End PBXFileReference section */

/* Begin PBXFrameworksBuildPhase section */
		213821F61D94723700C1FEEB /* Frameworks */ = {
			isa = PBXFrameworksBuildPhase;
			buildActionMask = 2147483647;
			files = (
			);
			runOnlyForDeploymentPostprocessing = 0;
		};
		213822001D94723700C1FEEB /* Frameworks */ = {
			isa = PBXFrameworksBuildPhase;
			buildActionMask = 2147483647;
			files = (
				213822041D94723700C1FEEB /* JSON.framework in Frameworks */,
			);
			runOnlyForDeploymentPostprocessing = 0;
		};
		2138223A1D947EB800C1FEEB /* Frameworks */ = {
			isa = PBXFrameworksBuildPhase;
			buildActionMask = 2147483647;
			files = (
			);
			runOnlyForDeploymentPostprocessing = 0;
		};
		213822471D947EC600C1FEEB /* Frameworks */ = {
			isa = PBXFrameworksBuildPhase;
			buildActionMask = 2147483647;
			files = (
			);
			runOnlyForDeploymentPostprocessing = 0;
		};
		213822501D947EC600C1FEEB /* Frameworks */ = {
			isa = PBXFrameworksBuildPhase;
			buildActionMask = 2147483647;
			files = (
				213822541D947EC600C1FEEB /* JSON.framework in Frameworks */,
			);
			runOnlyForDeploymentPostprocessing = 0;
		};
		213822631D947EDC00C1FEEB /* Frameworks */ = {
			isa = PBXFrameworksBuildPhase;
			buildActionMask = 2147483647;
			files = (
			);
			runOnlyForDeploymentPostprocessing = 0;
		};
		2138226C1D947EDC00C1FEEB /* Frameworks */ = {
			isa = PBXFrameworksBuildPhase;
			buildActionMask = 2147483647;
			files = (
				213822701D947EDC00C1FEEB /* JSON.framework in Frameworks */,
			);
			runOnlyForDeploymentPostprocessing = 0;
		};
/* End PBXFrameworksBuildPhase section */

/* Begin PBXGroup section */
		213821F01D94723700C1FEEB = {
			isa = PBXGroup;
			children = (
				213822141D94725B00C1FEEB /* Sources */,
				213822161D94725B00C1FEEB /* Support */,
				2138221A1D94725B00C1FEEB /* Tests */,
				213821FB1D94723700C1FEEB /* Products */,
			);
			sourceTree = "<group>";
			usesTabs = 1;
		};
		213821FB1D94723700C1FEEB /* Products */ = {
			isa = PBXGroup;
			children = (
				213821FA1D94723700C1FEEB /* JSON.framework */,
				213822031D94723700C1FEEB /* JSONTests.xctest */,
				2138223E1D947EB800C1FEEB /* JSON.framework */,
				2138224B1D947EC600C1FEEB /* JSON.framework */,
				213822531D947EC600C1FEEB /* JSONTests.xctest */,
				213822671D947EDC00C1FEEB /* JSON.framework */,
				2138226F1D947EDC00C1FEEB /* JSONTests.xctest */,
			);
			name = Products;
			sourceTree = "<group>";
		};
		213822141D94725B00C1FEEB /* Sources */ = {
			isa = PBXGroup;
			children = (
				213822151D94725B00C1FEEB /* JSON.swift */,
				216111D41E676DAA00C3F9E9 /* Decoding.swift */,
				216111CA1E676D1B00C3F9E9 /* Decoding+Date.swift */,
				216111CF1E676D4F00C3F9E9 /* Decoding+URL.swift */,
			);
			path = Sources;
			sourceTree = "<group>";
		};
		213822161D94725B00C1FEEB /* Support */ = {
			isa = PBXGroup;
			children = (
				213822181D94725B00C1FEEB /* JSON.h */,
				213822171D94725B00C1FEEB /* Info.plist */,
				213822191D94725B00C1FEEB /* Tests-Info.plist */,
			);
			path = Support;
			sourceTree = "<group>";
		};
		2138221A1D94725B00C1FEEB /* Tests */ = {
			isa = PBXGroup;
			children = (
				215DB4BE1DC374B200034124 /* Blog.swift */,
				215DB4BF1DC374B200034124 /* DateTests.swift */,
				215DB4C01DC374B200034124 /* DeserializationTests.swift */,
				215DB4C11DC374B200034124 /* Post.swift */,
				215DB4C21DC374B200034124 /* URLTests.swift */,
				215DB4C31DC374B200034124 /* User.swift */,
			);
			path = Tests;
			sourceTree = "<group>";
		};
/* End PBXGroup section */

/* Begin PBXHeadersBuildPhase section */
		213821F71D94723700C1FEEB /* Headers */ = {
			isa = PBXHeadersBuildPhase;
			buildActionMask = 2147483647;
			files = (
				2138221E1D94725B00C1FEEB /* JSON.h in Headers */,
			);
			runOnlyForDeploymentPostprocessing = 0;
		};
		2138223B1D947EB800C1FEEB /* Headers */ = {
			isa = PBXHeadersBuildPhase;
			buildActionMask = 2147483647;
			files = (
				213822851D947F7000C1FEEB /* JSON.h in Headers */,
			);
			runOnlyForDeploymentPostprocessing = 0;
		};
		213822481D947EC600C1FEEB /* Headers */ = {
			isa = PBXHeadersBuildPhase;
			buildActionMask = 2147483647;
			files = (
				213822841D947F7000C1FEEB /* JSON.h in Headers */,
			);
			runOnlyForDeploymentPostprocessing = 0;
		};
		213822641D947EDC00C1FEEB /* Headers */ = {
			isa = PBXHeadersBuildPhase;
			buildActionMask = 2147483647;
			files = (
				213822831D947F6F00C1FEEB /* JSON.h in Headers */,
			);
			runOnlyForDeploymentPostprocessing = 0;
		};
/* End PBXHeadersBuildPhase section */

/* Begin PBXNativeTarget section */
		213821F91D94723700C1FEEB /* JSON-iOS */ = {
			isa = PBXNativeTarget;
			buildConfigurationList = 2138220E1D94723700C1FEEB /* Build configuration list for PBXNativeTarget "JSON-iOS" */;
			buildPhases = (
				213821F51D94723700C1FEEB /* Sources */,
				213821F61D94723700C1FEEB /* Frameworks */,
				213821F71D94723700C1FEEB /* Headers */,
				213821F81D94723700C1FEEB /* Resources */,
			);
			buildRules = (
			);
			dependencies = (
			);
			name = "JSON-iOS";
			productName = JSON;
			productReference = 213821FA1D94723700C1FEEB /* JSON.framework */;
			productType = "com.apple.product-type.framework";
		};
		213822021D94723700C1FEEB /* JSONTests-iOS */ = {
			isa = PBXNativeTarget;
			buildConfigurationList = 213822111D94723700C1FEEB /* Build configuration list for PBXNativeTarget "JSONTests-iOS" */;
			buildPhases = (
				213821FF1D94723700C1FEEB /* Sources */,
				213822001D94723700C1FEEB /* Frameworks */,
				213822011D94723700C1FEEB /* Resources */,
			);
			buildRules = (
			);
			dependencies = (
				213822061D94723700C1FEEB /* PBXTargetDependency */,
			);
			name = "JSONTests-iOS";
			productName = JSONTests;
			productReference = 213822031D94723700C1FEEB /* JSONTests.xctest */;
			productType = "com.apple.product-type.bundle.unit-test";
		};
		2138223D1D947EB800C1FEEB /* JSON-watchOS */ = {
			isa = PBXNativeTarget;
			buildConfigurationList = 213822431D947EB800C1FEEB /* Build configuration list for PBXNativeTarget "JSON-watchOS" */;
			buildPhases = (
				213822391D947EB800C1FEEB /* Sources */,
				2138223A1D947EB800C1FEEB /* Frameworks */,
				2138223B1D947EB800C1FEEB /* Headers */,
				2138223C1D947EB800C1FEEB /* Resources */,
			);
			buildRules = (
			);
			dependencies = (
			);
			name = "JSON-watchOS";
			productName = JSON;
			productReference = 2138223E1D947EB800C1FEEB /* JSON.framework */;
			productType = "com.apple.product-type.framework";
		};
		2138224A1D947EC600C1FEEB /* JSON-tvOS */ = {
			isa = PBXNativeTarget;
			buildConfigurationList = 2138225C1D947EC600C1FEEB /* Build configuration list for PBXNativeTarget "JSON-tvOS" */;
			buildPhases = (
				213822461D947EC600C1FEEB /* Sources */,
				213822471D947EC600C1FEEB /* Frameworks */,
				213822481D947EC600C1FEEB /* Headers */,
				213822491D947EC600C1FEEB /* Resources */,
			);
			buildRules = (
			);
			dependencies = (
			);
			name = "JSON-tvOS";
			productName = JSON;
			productReference = 2138224B1D947EC600C1FEEB /* JSON.framework */;
			productType = "com.apple.product-type.framework";
		};
		213822521D947EC600C1FEEB /* JSONTests-tvOS */ = {
			isa = PBXNativeTarget;
			buildConfigurationList = 2138225F1D947EC600C1FEEB /* Build configuration list for PBXNativeTarget "JSONTests-tvOS" */;
			buildPhases = (
				2138224F1D947EC600C1FEEB /* Sources */,
				213822501D947EC600C1FEEB /* Frameworks */,
				213822511D947EC600C1FEEB /* Resources */,
			);
			buildRules = (
			);
			dependencies = (
				213822561D947EC600C1FEEB /* PBXTargetDependency */,
			);
			name = "JSONTests-tvOS";
			productName = JSONTests;
			productReference = 213822531D947EC600C1FEEB /* JSONTests.xctest */;
			productType = "com.apple.product-type.bundle.unit-test";
		};
		213822661D947EDC00C1FEEB /* JSON-macOS */ = {
			isa = PBXNativeTarget;
			buildConfigurationList = 213822781D947EDC00C1FEEB /* Build configuration list for PBXNativeTarget "JSON-macOS" */;
			buildPhases = (
				213822621D947EDC00C1FEEB /* Sources */,
				213822631D947EDC00C1FEEB /* Frameworks */,
				213822641D947EDC00C1FEEB /* Headers */,
				213822651D947EDC00C1FEEB /* Resources */,
			);
			buildRules = (
			);
			dependencies = (
			);
			name = "JSON-macOS";
			productName = JSON;
			productReference = 213822671D947EDC00C1FEEB /* JSON.framework */;
			productType = "com.apple.product-type.framework";
		};
		2138226E1D947EDC00C1FEEB /* JSONTests-macOS */ = {
			isa = PBXNativeTarget;
			buildConfigurationList = 2138227B1D947EDC00C1FEEB /* Build configuration list for PBXNativeTarget "JSONTests-macOS" */;
			buildPhases = (
				2138226B1D947EDC00C1FEEB /* Sources */,
				2138226C1D947EDC00C1FEEB /* Frameworks */,
				2138226D1D947EDC00C1FEEB /* Resources */,
			);
			buildRules = (
			);
			dependencies = (
				213822721D947EDC00C1FEEB /* PBXTargetDependency */,
			);
			name = "JSONTests-macOS";
			productName = JSONTests;
			productReference = 2138226F1D947EDC00C1FEEB /* JSONTests.xctest */;
			productType = "com.apple.product-type.bundle.unit-test";
		};
/* End PBXNativeTarget section */

/* Begin PBXProject section */
		213821F11D94723700C1FEEB /* Project object */ = {
			isa = PBXProject;
			attributes = {
				LastSwiftUpdateCheck = 0800;
				LastUpgradeCheck = 0800;
				ORGANIZATIONNAME = "Sam Soffes";
				TargetAttributes = {
					213821F91D94723700C1FEEB = {
						CreatedOnToolsVersion = 8.0;
						ProvisioningStyle = Automatic;
					};
					213822021D94723700C1FEEB = {
						CreatedOnToolsVersion = 8.0;
						ProvisioningStyle = Automatic;
					};
					2138223D1D947EB800C1FEEB = {
						CreatedOnToolsVersion = 8.0;
						ProvisioningStyle = Automatic;
					};
					2138224A1D947EC600C1FEEB = {
						CreatedOnToolsVersion = 8.0;
						ProvisioningStyle = Automatic;
					};
					213822521D947EC600C1FEEB = {
						CreatedOnToolsVersion = 8.0;
						ProvisioningStyle = Automatic;
					};
					213822661D947EDC00C1FEEB = {
						CreatedOnToolsVersion = 8.0;
						ProvisioningStyle = Automatic;
					};
					2138226E1D947EDC00C1FEEB = {
						CreatedOnToolsVersion = 8.0;
						ProvisioningStyle = Automatic;
					};
				};
			};
			buildConfigurationList = 213821F41D94723700C1FEEB /* Build configuration list for PBXProject "JSON" */;
			compatibilityVersion = "Xcode 3.2";
			developmentRegion = English;
			hasScannedForEncodings = 0;
			knownRegions = (
				en,
			);
			mainGroup = 213821F01D94723700C1FEEB;
			productRefGroup = 213821FB1D94723700C1FEEB /* Products */;
			projectDirPath = "";
			projectRoot = "";
			targets = (
				213821F91D94723700C1FEEB /* JSON-iOS */,
				213822021D94723700C1FEEB /* JSONTests-iOS */,
				213822661D947EDC00C1FEEB /* JSON-macOS */,
				2138226E1D947EDC00C1FEEB /* JSONTests-macOS */,
				2138223D1D947EB800C1FEEB /* JSON-watchOS */,
				2138224A1D947EC600C1FEEB /* JSON-tvOS */,
				213822521D947EC600C1FEEB /* JSONTests-tvOS */,
			);
		};
/* End PBXProject section */

/* Begin PBXResourcesBuildPhase section */
		213821F81D94723700C1FEEB /* Resources */ = {
			isa = PBXResourcesBuildPhase;
			buildActionMask = 2147483647;
			files = (
			);
			runOnlyForDeploymentPostprocessing = 0;
		};
		213822011D94723700C1FEEB /* Resources */ = {
			isa = PBXResourcesBuildPhase;
			buildActionMask = 2147483647;
			files = (
			);
			runOnlyForDeploymentPostprocessing = 0;
		};
		2138223C1D947EB800C1FEEB /* Resources */ = {
			isa = PBXResourcesBuildPhase;
			buildActionMask = 2147483647;
			files = (
			);
			runOnlyForDeploymentPostprocessing = 0;
		};
		213822491D947EC600C1FEEB /* Resources */ = {
			isa = PBXResourcesBuildPhase;
			buildActionMask = 2147483647;
			files = (
			);
			runOnlyForDeploymentPostprocessing = 0;
		};
		213822511D947EC600C1FEEB /* Resources */ = {
			isa = PBXResourcesBuildPhase;
			buildActionMask = 2147483647;
			files = (
			);
			runOnlyForDeploymentPostprocessing = 0;
		};
		213822651D947EDC00C1FEEB /* Resources */ = {
			isa = PBXResourcesBuildPhase;
			buildActionMask = 2147483647;
			files = (
			);
			runOnlyForDeploymentPostprocessing = 0;
		};
		2138226D1D947EDC00C1FEEB /* Resources */ = {
			isa = PBXResourcesBuildPhase;
			buildActionMask = 2147483647;
			files = (
			);
			runOnlyForDeploymentPostprocessing = 0;
		};
/* End PBXResourcesBuildPhase section */

/* Begin PBXSourcesBuildPhase section */
		213821F51D94723700C1FEEB /* Sources */ = {
			isa = PBXSourcesBuildPhase;
			buildActionMask = 2147483647;
			files = (
				216111D01E676D4F00C3F9E9 /* Decoding+URL.swift in Sources */,
				2138221C1D94725B00C1FEEB /* JSON.swift in Sources */,
				216111D51E676DAA00C3F9E9 /* Decoding.swift in Sources */,
				216111CB1E676D1B00C3F9E9 /* Decoding+Date.swift in Sources */,
			);
			runOnlyForDeploymentPostprocessing = 0;
		};
		213821FF1D94723700C1FEEB /* Sources */ = {
			isa = PBXSourcesBuildPhase;
			buildActionMask = 2147483647;
			files = (
				215DB4CC1DC3752400034124 /* DeserializationTests.swift in Sources */,
				215DB4CA1DC3752400034124 /* Blog.swift in Sources */,
				215DB4CF1DC3752400034124 /* User.swift in Sources */,
				215DB4CE1DC3752400034124 /* URLTests.swift in Sources */,
				215DB4CB1DC3752400034124 /* DateTests.swift in Sources */,
				215DB4CD1DC3752400034124 /* Post.swift in Sources */,
			);
			runOnlyForDeploymentPostprocessing = 0;
		};
		213822391D947EB800C1FEEB /* Sources */ = {
			isa = PBXSourcesBuildPhase;
			buildActionMask = 2147483647;
			files = (
				216111D21E676D8C00C3F9E9 /* Decoding+URL.swift in Sources */,
				213822821D947F6B00C1FEEB /* JSON.swift in Sources */,
				216111D71E676DC100C3F9E9 /* Decoding.swift in Sources */,
				216111CD1E676D2700C3F9E9 /* Decoding+Date.swift in Sources */,
			);
			runOnlyForDeploymentPostprocessing = 0;
		};
		213822461D947EC600C1FEEB /* Sources */ = {
			isa = PBXSourcesBuildPhase;
			buildActionMask = 2147483647;
			files = (
				216111D11E676D8B00C3F9E9 /* Decoding+URL.swift in Sources */,
				213822811D947F6B00C1FEEB /* JSON.swift in Sources */,
				216111D61E676DC100C3F9E9 /* Decoding.swift in Sources */,
				216111CC1E676D2700C3F9E9 /* Decoding+Date.swift in Sources */,
			);
			runOnlyForDeploymentPostprocessing = 0;
		};
		2138224F1D947EC600C1FEEB /* Sources */ = {
			isa = PBXSourcesBuildPhase;
			buildActionMask = 2147483647;
			files = (
				215DB4D81DC3752600034124 /* DeserializationTests.swift in Sources */,
				215DB4D61DC3752600034124 /* Blog.swift in Sources */,
				215DB4DB1DC3752600034124 /* User.swift in Sources */,
				215DB4DA1DC3752600034124 /* URLTests.swift in Sources */,
				215DB4D71DC3752600034124 /* DateTests.swift in Sources */,
				215DB4D91DC3752600034124 /* Post.swift in Sources */,
			);
			runOnlyForDeploymentPostprocessing = 0;
		};
		213822621D947EDC00C1FEEB /* Sources */ = {
			isa = PBXSourcesBuildPhase;
			buildActionMask = 2147483647;
			files = (
				216111D31E676D8C00C3F9E9 /* Decoding+URL.swift in Sources */,
				213822801D947F6A00C1FEEB /* JSON.swift in Sources */,
				216111D81E676DC200C3F9E9 /* Decoding.swift in Sources */,
				216111CE1E676D2800C3F9E9 /* Decoding+Date.swift in Sources */,
			);
			runOnlyForDeploymentPostprocessing = 0;
		};
		2138226B1D947EDC00C1FEEB /* Sources */ = {
			isa = PBXSourcesBuildPhase;
			buildActionMask = 2147483647;
			files = (
				215DB4D21DC3752500034124 /* DeserializationTests.swift in Sources */,
				215DB4D01DC3752500034124 /* Blog.swift in Sources */,
				215DB4D51DC3752500034124 /* User.swift in Sources */,
				215DB4D41DC3752500034124 /* URLTests.swift in Sources */,
				215DB4D11DC3752500034124 /* DateTests.swift in Sources */,
				215DB4D31DC3752500034124 /* Post.swift in Sources */,
			);
			runOnlyForDeploymentPostprocessing = 0;
		};
/* End PBXSourcesBuildPhase section */

/* Begin PBXTargetDependency section */
		213822061D94723700C1FEEB /* PBXTargetDependency */ = {
			isa = PBXTargetDependency;
			target = 213821F91D94723700C1FEEB /* JSON-iOS */;
			targetProxy = 213822051D94723700C1FEEB /* PBXContainerItemProxy */;
		};
		213822561D947EC600C1FEEB /* PBXTargetDependency */ = {
			isa = PBXTargetDependency;
			target = 2138224A1D947EC600C1FEEB /* JSON-tvOS */;
			targetProxy = 213822551D947EC600C1FEEB /* PBXContainerItemProxy */;
		};
		213822721D947EDC00C1FEEB /* PBXTargetDependency */ = {
			isa = PBXTargetDependency;
			target = 213822661D947EDC00C1FEEB /* JSON-macOS */;
			targetProxy = 213822711D947EDC00C1FEEB /* PBXContainerItemProxy */;
		};
/* End PBXTargetDependency section */

/* Begin XCBuildConfiguration section */
		2138220C1D94723700C1FEEB /* Debug */ = {
			isa = XCBuildConfiguration;
			buildSettings = {
				ALWAYS_SEARCH_USER_PATHS = NO;
				APPLICATION_EXTENSION_API_ONLY = YES;
				CLANG_ANALYZER_NONNULL = YES;
				CLANG_CXX_LANGUAGE_STANDARD = "gnu++0x";
				CLANG_CXX_LIBRARY = "libc++";
				CLANG_ENABLE_MODULES = YES;
				CLANG_ENABLE_OBJC_ARC = YES;
				CLANG_WARN_BOOL_CONVERSION = YES;
				CLANG_WARN_CONSTANT_CONVERSION = YES;
				CLANG_WARN_DIRECT_OBJC_ISA_USAGE = YES_ERROR;
				CLANG_WARN_DOCUMENTATION_COMMENTS = YES;
				CLANG_WARN_EMPTY_BODY = YES;
				CLANG_WARN_ENUM_CONVERSION = YES;
				CLANG_WARN_INFINITE_RECURSION = YES;
				CLANG_WARN_INT_CONVERSION = YES;
				CLANG_WARN_OBJC_ROOT_CLASS = YES_ERROR;
				CLANG_WARN_SUSPICIOUS_MOVES = YES;
				CLANG_WARN_UNREACHABLE_CODE = YES;
				CLANG_WARN__DUPLICATE_METHOD_MATCH = YES;
				"CODE_SIGN_IDENTITY[sdk=iphoneos*]" = "iPhone Developer";
				COPY_PHASE_STRIP = NO;
				CURRENT_PROJECT_VERSION = 1;
				DEBUG_INFORMATION_FORMAT = dwarf;
				ENABLE_STRICT_OBJC_MSGSEND = YES;
				ENABLE_TESTABILITY = YES;
				GCC_C_LANGUAGE_STANDARD = gnu99;
				GCC_DYNAMIC_NO_PIC = NO;
				GCC_NO_COMMON_BLOCKS = YES;
				GCC_OPTIMIZATION_LEVEL = 0;
				GCC_PREPROCESSOR_DEFINITIONS = (
					"DEBUG=1",
					"$(inherited)",
				);
				GCC_WARN_64_TO_32_BIT_CONVERSION = YES;
				GCC_WARN_ABOUT_RETURN_TYPE = YES_ERROR;
				GCC_WARN_UNDECLARED_SELECTOR = YES;
				GCC_WARN_UNINITIALIZED_AUTOS = YES_AGGRESSIVE;
				GCC_WARN_UNUSED_FUNCTION = YES;
				GCC_WARN_UNUSED_VARIABLE = YES;
				IPHONEOS_DEPLOYMENT_TARGET = 9.0;
				MACOSX_DEPLOYMENT_TARGET = 10.10;
				MTL_ENABLE_DEBUG_INFO = YES;
				ONLY_ACTIVE_ARCH = YES;
				SDKROOT = iphoneos;
				SWIFT_ACTIVE_COMPILATION_CONDITIONS = DEBUG;
				SWIFT_OPTIMIZATION_LEVEL = "-Onone";
				SWIFT_VERSION = 3.0.2;
				TARGETED_DEVICE_FAMILY = "1,2";
				TVOS_DEPLOYMENT_TARGET = 9.0;
				VERSIONING_SYSTEM = "apple-generic";
				VERSION_INFO_PREFIX = "";
				WATCHOS_DEPLOYMENT_TARGET = 2.0;
			};
			name = Debug;
		};
		2138220D1D94723700C1FEEB /* Release */ = {
			isa = XCBuildConfiguration;
			buildSettings = {
				ALWAYS_SEARCH_USER_PATHS = NO;
				APPLICATION_EXTENSION_API_ONLY = YES;
				CLANG_ANALYZER_NONNULL = YES;
				CLANG_CXX_LANGUAGE_STANDARD = "gnu++0x";
				CLANG_CXX_LIBRARY = "libc++";
				CLANG_ENABLE_MODULES = YES;
				CLANG_ENABLE_OBJC_ARC = YES;
				CLANG_WARN_BOOL_CONVERSION = YES;
				CLANG_WARN_CONSTANT_CONVERSION = YES;
				CLANG_WARN_DIRECT_OBJC_ISA_USAGE = YES_ERROR;
				CLANG_WARN_DOCUMENTATION_COMMENTS = YES;
				CLANG_WARN_EMPTY_BODY = YES;
				CLANG_WARN_ENUM_CONVERSION = YES;
				CLANG_WARN_INFINITE_RECURSION = YES;
				CLANG_WARN_INT_CONVERSION = YES;
				CLANG_WARN_OBJC_ROOT_CLASS = YES_ERROR;
				CLANG_WARN_SUSPICIOUS_MOVES = YES;
				CLANG_WARN_UNREACHABLE_CODE = YES;
				CLANG_WARN__DUPLICATE_METHOD_MATCH = YES;
				"CODE_SIGN_IDENTITY[sdk=iphoneos*]" = "iPhone Developer";
				COPY_PHASE_STRIP = NO;
				CURRENT_PROJECT_VERSION = 1;
				DEBUG_INFORMATION_FORMAT = "dwarf-with-dsym";
				ENABLE_NS_ASSERTIONS = NO;
				ENABLE_STRICT_OBJC_MSGSEND = YES;
				GCC_C_LANGUAGE_STANDARD = gnu99;
				GCC_NO_COMMON_BLOCKS = YES;
				GCC_WARN_64_TO_32_BIT_CONVERSION = YES;
				GCC_WARN_ABOUT_RETURN_TYPE = YES_ERROR;
				GCC_WARN_UNDECLARED_SELECTOR = YES;
				GCC_WARN_UNINITIALIZED_AUTOS = YES_AGGRESSIVE;
				GCC_WARN_UNUSED_FUNCTION = YES;
				GCC_WARN_UNUSED_VARIABLE = YES;
				IPHONEOS_DEPLOYMENT_TARGET = 9.0;
				MACOSX_DEPLOYMENT_TARGET = 10.10;
				MTL_ENABLE_DEBUG_INFO = NO;
				SDKROOT = iphoneos;
				SWIFT_OPTIMIZATION_LEVEL = "-Owholemodule";
				SWIFT_VERSION = 3.0.2;
				TARGETED_DEVICE_FAMILY = "1,2";
				TVOS_DEPLOYMENT_TARGET = 9.0;
				VALIDATE_PRODUCT = YES;
				VERSIONING_SYSTEM = "apple-generic";
				VERSION_INFO_PREFIX = "";
				WATCHOS_DEPLOYMENT_TARGET = 2.0;
			};
			name = Release;
		};
		2138220F1D94723700C1FEEB /* Debug */ = {
			isa = XCBuildConfiguration;
			buildSettings = {
				CODE_SIGN_IDENTITY = "";
				DEFINES_MODULE = YES;
				DYLIB_COMPATIBILITY_VERSION = 1;
				DYLIB_CURRENT_VERSION = 1;
				DYLIB_INSTALL_NAME_BASE = "@rpath";
				INFOPLIST_FILE = "$(SRCROOT)/Support/Info.plist";
				INSTALL_PATH = "$(LOCAL_LIBRARY_DIR)/Frameworks";
				LD_RUNPATH_SEARCH_PATHS = "$(inherited) @executable_path/Frameworks @loader_path/Frameworks";
				PRODUCT_BUNDLE_IDENTIFIER = com.samsoffes.json;
				PRODUCT_NAME = JSON;
				SKIP_INSTALL = YES;
			};
			name = Debug;
		};
		213822101D94723700C1FEEB /* Release */ = {
			isa = XCBuildConfiguration;
			buildSettings = {
				CODE_SIGN_IDENTITY = "";
				DEFINES_MODULE = YES;
				DYLIB_COMPATIBILITY_VERSION = 1;
				DYLIB_CURRENT_VERSION = 1;
				DYLIB_INSTALL_NAME_BASE = "@rpath";
				INFOPLIST_FILE = "$(SRCROOT)/Support/Info.plist";
				INSTALL_PATH = "$(LOCAL_LIBRARY_DIR)/Frameworks";
				LD_RUNPATH_SEARCH_PATHS = "$(inherited) @executable_path/Frameworks @loader_path/Frameworks";
				PRODUCT_BUNDLE_IDENTIFIER = com.samsoffes.json;
				PRODUCT_NAME = JSON;
				SKIP_INSTALL = YES;
			};
			name = Release;
		};
		213822121D94723700C1FEEB /* Debug */ = {
			isa = XCBuildConfiguration;
			buildSettings = {
				ALWAYS_EMBED_SWIFT_STANDARD_LIBRARIES = YES;
				APPLICATION_EXTENSION_API_ONLY = NO;
				INFOPLIST_FILE = "Support/Tests-Info.plist";
				IPHONEOS_DEPLOYMENT_TARGET = 10.0;
				LD_RUNPATH_SEARCH_PATHS = "$(inherited) @executable_path/Frameworks @loader_path/Frameworks";
				PRODUCT_BUNDLE_IDENTIFIER = com.samsoffes.json.tests;
				PRODUCT_NAME = JSONTests;
				SWIFT_VERSION = 3.0.2;
			};
			name = Debug;
		};
		213822131D94723700C1FEEB /* Release */ = {
			isa = XCBuildConfiguration;
			buildSettings = {
				ALWAYS_EMBED_SWIFT_STANDARD_LIBRARIES = YES;
				APPLICATION_EXTENSION_API_ONLY = NO;
				INFOPLIST_FILE = "Support/Tests-Info.plist";
				IPHONEOS_DEPLOYMENT_TARGET = 10.0;
				LD_RUNPATH_SEARCH_PATHS = "$(inherited) @executable_path/Frameworks @loader_path/Frameworks";
				PRODUCT_BUNDLE_IDENTIFIER = com.samsoffes.json.tests;
				PRODUCT_NAME = JSONTests;
				SWIFT_VERSION = 3.0.2;
			};
			name = Release;
		};
		213822441D947EB800C1FEEB /* Debug */ = {
			isa = XCBuildConfiguration;
			buildSettings = {
				APPLICATION_EXTENSION_API_ONLY = YES;
				CODE_SIGN_IDENTITY = "";
				DEFINES_MODULE = YES;
				DYLIB_COMPATIBILITY_VERSION = 1;
				DYLIB_CURRENT_VERSION = 1;
				DYLIB_INSTALL_NAME_BASE = "@rpath";
				INFOPLIST_FILE = Support/Info.plist;
				INSTALL_PATH = "$(LOCAL_LIBRARY_DIR)/Frameworks";
				LD_RUNPATH_SEARCH_PATHS = "$(inherited) @executable_path/Frameworks @loader_path/Frameworks";
				PRODUCT_BUNDLE_IDENTIFIER = com.samsoffes.json;
				PRODUCT_NAME = JSON;
				SDKROOT = watchos;
				SKIP_INSTALL = YES;
				TARGETED_DEVICE_FAMILY = 4;
			};
			name = Debug;
		};
		213822451D947EB800C1FEEB /* Release */ = {
			isa = XCBuildConfiguration;
			buildSettings = {
				APPLICATION_EXTENSION_API_ONLY = YES;
				CODE_SIGN_IDENTITY = "";
				DEFINES_MODULE = YES;
				DYLIB_COMPATIBILITY_VERSION = 1;
				DYLIB_CURRENT_VERSION = 1;
				DYLIB_INSTALL_NAME_BASE = "@rpath";
				INFOPLIST_FILE = Support/Info.plist;
				INSTALL_PATH = "$(LOCAL_LIBRARY_DIR)/Frameworks";
				LD_RUNPATH_SEARCH_PATHS = "$(inherited) @executable_path/Frameworks @loader_path/Frameworks";
				PRODUCT_BUNDLE_IDENTIFIER = com.samsoffes.json;
				PRODUCT_NAME = JSON;
				SDKROOT = watchos;
				SKIP_INSTALL = YES;
				TARGETED_DEVICE_FAMILY = 4;
			};
			name = Release;
		};
		2138225D1D947EC600C1FEEB /* Debug */ = {
			isa = XCBuildConfiguration;
			buildSettings = {
				CODE_SIGN_IDENTITY = "";
				DEFINES_MODULE = YES;
				DYLIB_COMPATIBILITY_VERSION = 1;
				DYLIB_CURRENT_VERSION = 1;
				DYLIB_INSTALL_NAME_BASE = "@rpath";
				INFOPLIST_FILE = Support/Info.plist;
				INSTALL_PATH = "$(LOCAL_LIBRARY_DIR)/Frameworks";
				LD_RUNPATH_SEARCH_PATHS = "$(inherited) @executable_path/Frameworks @loader_path/Frameworks";
				PRODUCT_BUNDLE_IDENTIFIER = com.samsoffes.json;
				PRODUCT_NAME = JSON;
				SDKROOT = appletvos;
				SKIP_INSTALL = YES;
				TARGETED_DEVICE_FAMILY = 3;
			};
			name = Debug;
		};
		2138225E1D947EC600C1FEEB /* Release */ = {
			isa = XCBuildConfiguration;
			buildSettings = {
				CODE_SIGN_IDENTITY = "";
				DEFINES_MODULE = YES;
				DYLIB_COMPATIBILITY_VERSION = 1;
				DYLIB_CURRENT_VERSION = 1;
				DYLIB_INSTALL_NAME_BASE = "@rpath";
				INFOPLIST_FILE = Support/Info.plist;
				INSTALL_PATH = "$(LOCAL_LIBRARY_DIR)/Frameworks";
				LD_RUNPATH_SEARCH_PATHS = "$(inherited) @executable_path/Frameworks @loader_path/Frameworks";
				PRODUCT_BUNDLE_IDENTIFIER = com.samsoffes.json;
				PRODUCT_NAME = JSON;
				SDKROOT = appletvos;
				SKIP_INSTALL = YES;
				TARGETED_DEVICE_FAMILY = 3;
			};
			name = Release;
		};
		213822601D947EC600C1FEEB /* Debug */ = {
			isa = XCBuildConfiguration;
			buildSettings = {
				ALWAYS_EMBED_SWIFT_STANDARD_LIBRARIES = YES;
				APPLICATION_EXTENSION_API_ONLY = NO;
				INFOPLIST_FILE = "Support/Tests-Info.plist";
				LD_RUNPATH_SEARCH_PATHS = "$(inherited) @executable_path/Frameworks @loader_path/Frameworks";
				PRODUCT_BUNDLE_IDENTIFIER = com.samsoffes.json.tests;
				PRODUCT_NAME = JSONTests;
				SDKROOT = appletvos;
				SWIFT_VERSION = 3.0.2;
				TVOS_DEPLOYMENT_TARGET = 10.0;
			};
			name = Debug;
		};
		213822611D947EC600C1FEEB /* Release */ = {
			isa = XCBuildConfiguration;
			buildSettings = {
				ALWAYS_EMBED_SWIFT_STANDARD_LIBRARIES = YES;
				APPLICATION_EXTENSION_API_ONLY = NO;
				INFOPLIST_FILE = "Support/Tests-Info.plist";
				LD_RUNPATH_SEARCH_PATHS = "$(inherited) @executable_path/Frameworks @loader_path/Frameworks";
				PRODUCT_BUNDLE_IDENTIFIER = com.samsoffes.json.tests;
				PRODUCT_NAME = JSONTests;
				SDKROOT = appletvos;
				SWIFT_VERSION = 3.0.2;
				TVOS_DEPLOYMENT_TARGET = 10.0;
			};
			name = Release;
		};
		213822791D947EDC00C1FEEB /* Debug */ = {
			isa = XCBuildConfiguration;
			buildSettings = {
				CODE_SIGN_IDENTITY = "-";
				COMBINE_HIDPI_IMAGES = YES;
				DEFINES_MODULE = YES;
				DYLIB_COMPATIBILITY_VERSION = 1;
				DYLIB_CURRENT_VERSION = 1;
				DYLIB_INSTALL_NAME_BASE = "@rpath";
				FRAMEWORK_VERSION = A;
				INFOPLIST_FILE = Support/Info.plist;
				INSTALL_PATH = "$(LOCAL_LIBRARY_DIR)/Frameworks";
				LD_RUNPATH_SEARCH_PATHS = "$(inherited) @executable_path/../Frameworks @loader_path/Frameworks";
				PRODUCT_BUNDLE_IDENTIFIER = com.samsoffes.json;
				PRODUCT_NAME = JSON;
				SDKROOT = macosx;
				SKIP_INSTALL = YES;
			};
			name = Debug;
		};
		2138227A1D947EDC00C1FEEB /* Release */ = {
			isa = XCBuildConfiguration;
			buildSettings = {
				CODE_SIGN_IDENTITY = "-";
				COMBINE_HIDPI_IMAGES = YES;
				DEFINES_MODULE = YES;
				DYLIB_COMPATIBILITY_VERSION = 1;
				DYLIB_CURRENT_VERSION = 1;
				DYLIB_INSTALL_NAME_BASE = "@rpath";
				FRAMEWORK_VERSION = A;
				INFOPLIST_FILE = Support/Info.plist;
				INSTALL_PATH = "$(LOCAL_LIBRARY_DIR)/Frameworks";
				LD_RUNPATH_SEARCH_PATHS = "$(inherited) @executable_path/../Frameworks @loader_path/Frameworks";
				PRODUCT_BUNDLE_IDENTIFIER = com.samsoffes.json;
				PRODUCT_NAME = JSON;
				SDKROOT = macosx;
				SKIP_INSTALL = YES;
			};
			name = Release;
		};
		2138227C1D947EDC00C1FEEB /* Debug */ = {
			isa = XCBuildConfiguration;
			buildSettings = {
				ALWAYS_EMBED_SWIFT_STANDARD_LIBRARIES = YES;
				APPLICATION_EXTENSION_API_ONLY = NO;
				CODE_SIGN_IDENTITY = "-";
				COMBINE_HIDPI_IMAGES = YES;
				INFOPLIST_FILE = "Support/Tests-Info.plist";
				LD_RUNPATH_SEARCH_PATHS = "$(inherited) @executable_path/../Frameworks @loader_path/../Frameworks";
				MACOSX_DEPLOYMENT_TARGET = 10.12;
				PRODUCT_BUNDLE_IDENTIFIER = com.samsoffes.json.tests;
				PRODUCT_NAME = JSONTests;
				SDKROOT = macosx;
				SWIFT_VERSION = 3.0.2;
			};
			name = Debug;
		};
		2138227D1D947EDC00C1FEEB /* Release */ = {
			isa = XCBuildConfiguration;
			buildSettings = {
				ALWAYS_EMBED_SWIFT_STANDARD_LIBRARIES = YES;
				APPLICATION_EXTENSION_API_ONLY = NO;
				CODE_SIGN_IDENTITY = "-";
				COMBINE_HIDPI_IMAGES = YES;
				INFOPLIST_FILE = "Support/Tests-Info.plist";
				LD_RUNPATH_SEARCH_PATHS = "$(inherited) @executable_path/../Frameworks @loader_path/../Frameworks";
				MACOSX_DEPLOYMENT_TARGET = 10.12;
				PRODUCT_BUNDLE_IDENTIFIER = com.samsoffes.json.tests;
				PRODUCT_NAME = JSONTests;
				SDKROOT = macosx;
				SWIFT_VERSION = 3.0.2;
			};
			name = Release;
		};
/* End XCBuildConfiguration section */

/* Begin XCConfigurationList section */
		213821F41D94723700C1FEEB /* Build configuration list for PBXProject "JSON" */ = {
			isa = XCConfigurationList;
			buildConfigurations = (
				2138220C1D94723700C1FEEB /* Debug */,
				2138220D1D94723700C1FEEB /* Release */,
			);
			defaultConfigurationIsVisible = 0;
			defaultConfigurationName = Release;
		};
		2138220E1D94723700C1FEEB /* Build configuration list for PBXNativeTarget "JSON-iOS" */ = {
			isa = XCConfigurationList;
			buildConfigurations = (
				2138220F1D94723700C1FEEB /* Debug */,
				213822101D94723700C1FEEB /* Release */,
			);
			defaultConfigurationIsVisible = 0;
			defaultConfigurationName = Release;
		};
		213822111D94723700C1FEEB /* Build configuration list for PBXNativeTarget "JSONTests-iOS" */ = {
			isa = XCConfigurationList;
			buildConfigurations = (
				213822121D94723700C1FEEB /* Debug */,
				213822131D94723700C1FEEB /* Release */,
			);
			defaultConfigurationIsVisible = 0;
			defaultConfigurationName = Release;
		};
		213822431D947EB800C1FEEB /* Build configuration list for PBXNativeTarget "JSON-watchOS" */ = {
			isa = XCConfigurationList;
			buildConfigurations = (
				213822441D947EB800C1FEEB /* Debug */,
				213822451D947EB800C1FEEB /* Release */,
			);
			defaultConfigurationIsVisible = 0;
			defaultConfigurationName = Release;
		};
		2138225C1D947EC600C1FEEB /* Build configuration list for PBXNativeTarget "JSON-tvOS" */ = {
			isa = XCConfigurationList;
			buildConfigurations = (
				2138225D1D947EC600C1FEEB /* Debug */,
				2138225E1D947EC600C1FEEB /* Release */,
			);
			defaultConfigurationIsVisible = 0;
			defaultConfigurationName = Release;
		};
		2138225F1D947EC600C1FEEB /* Build configuration list for PBXNativeTarget "JSONTests-tvOS" */ = {
			isa = XCConfigurationList;
			buildConfigurations = (
				213822601D947EC600C1FEEB /* Debug */,
				213822611D947EC600C1FEEB /* Release */,
			);
			defaultConfigurationIsVisible = 0;
			defaultConfigurationName = Release;
		};
		213822781D947EDC00C1FEEB /* Build configuration list for PBXNativeTarget "JSON-macOS" */ = {
			isa = XCConfigurationList;
			buildConfigurations = (
				213822791D947EDC00C1FEEB /* Debug */,
				2138227A1D947EDC00C1FEEB /* Release */,
			);
			defaultConfigurationIsVisible = 0;
			defaultConfigurationName = Release;
		};
		2138227B1D947EDC00C1FEEB /* Build configuration list for PBXNativeTarget "JSONTests-macOS" */ = {
			isa = XCConfigurationList;
			buildConfigurations = (
				2138227C1D947EDC00C1FEEB /* Debug */,
				2138227D1D947EDC00C1FEEB /* Release */,
			);
			defaultConfigurationIsVisible = 0;
			defaultConfigurationName = Release;
		};
/* End XCConfigurationList section */
	};
	rootObject = 213821F11D94723700C1FEEB /* Project object */;
}
